
Microsoft Visual Studio Solution File, Format Version 12.00
# Visual Studio Version 17
VisualStudioVersion = 17.7.34009.444
MinimumVisualStudioVersion = 10.0.40219.1
Project("{9A19103F-16F7-4668-BE54-9A1E7A4F7556}") = "Laurentiu.Azure.AppService.EasyAuth.Sample.Shared", "Shared\Laurentiu.Azure.AppService.EasyAuth.Sample.Shared.csproj", "{634B0180-DE2F-4292-832B-1A947AB9E99D}"
EndProject
Project("{9A19103F-16F7-4668-BE54-9A1E7A4F7556}") = "Laurentiu.Azure.AppService.EasyAuth.Sample.Client", "Client\Laurentiu.Azure.AppService.EasyAuth.Sample.Client.csproj", "{121A5E96-2910-42F4-8CA4-0F23FFF96DAB}"
EndProject
Project("{9A19103F-16F7-4668-BE54-9A1E7A4F7556}") = "Laurentiu.Azure.AppService.EasyAuth.Sample.Server", "Server\Laurentiu.Azure.AppService.EasyAuth.Sample.Server.csproj", "{97080D44-436E-4062-A56C-D973A5637159}"
EndProject
Global
	GlobalSection(SolutionConfigurationPlatforms) = preSolution
		Debug|Any CPU = Debug|Any CPU
		Release|Any CPU = Release|Any CPU
	EndGlobalSection
	GlobalSection(ProjectConfigurationPlatforms) = postSolution
		{634B0180-DE2F-4292-832B-1A947AB9E99D}.Debug|Any CPU.ActiveCfg = Debug|Any CPU
		{634B0180-DE2F-4292-832B-1A947AB9E99D}.Debug|Any CPU.Build.0 = Debug|Any CPU
		{634B0180-DE2F-4292-832B-1A947AB9E99D}.Release|Any CPU.ActiveCfg = Release|Any CPU
		{634B0180-DE2F-4292-832B-1A947AB9E99D}.Release|Any CPU.Build.0 = Release|Any CPU
		{121A5E96-2910-42F4-8CA4-0F23FFF96DAB}.Debug|Any CPU.ActiveCfg = Debug|Any CPU
		{121A5E96-2910-42F4-8CA4-0F23FFF96DAB}.Debug|Any CPU.Build.0 = Debug|Any CPU
		{121A5E96-2910-42F4-8CA4-0F23FFF96DAB}.Release|Any CPU.ActiveCfg = Release|Any CPU
		{121A5E96-2910-42F4-8CA4-0F23FFF96DAB}.Release|Any CPU.Build.0 = Release|Any CPU
		{97080D44-436E-4062-A56C-D973A5637159}.Debug|Any CPU.ActiveCfg = Debug|Any CPU
		{97080D44-436E-4062-A56C-D973A5637159}.Debug|Any CPU.Build.0 = Debug|Any CPU
		{97080D44-436E-4062-A56C-D973A5637159}.Release|Any CPU.ActiveCfg = Release|Any CPU
		{97080D44-436E-4062-A56C-D973A5637159}.Release|Any CPU.Build.0 = Release|Any CPU
	EndGlobalSection
	GlobalSection(SolutionProperties) = preSolution
		HideSolutionNode = FALSE
	EndGlobalSection
	GlobalSection(ExtensibilityGlobals) = postSolution
		SolutionGuid = {96929A3D-9986-49D5-A7E8-67A4E4396C04}
	EndGlobalSection
EndGlobal
